// !$*UTF8*$!
{
	archiveVersion = 1;
	classes = {
	};
	objectVersion = 56;
	objects = {

/* Begin PBXBuildFile section */
		3F21B3B02B6FBD6E00BF67F7 /* CreateWSView.swift in Sources */ = {isa = PBXBuildFile; fileRef = 3F21B3AF2B6FBD6E00BF67F7 /* CreateWSView.swift */; };
		3F21B3B22B6FBD7800BF67F7 /* WSListViewController.swift in Sources */ = {isa = PBXBuildFile; fileRef = 3F21B3B12B6FBD7800BF67F7 /* WSListViewController.swift */; };
		3F21B3B42B6FBE8E00BF67F7 /* CreateWSController.swift in Sources */ = {isa = PBXBuildFile; fileRef = 3F21B3B32B6FBE8E00BF67F7 /* CreateWSController.swift */; };
		3F72435C2B51307F00781219 /* SaveToken.swift in Sources */ = {isa = PBXBuildFile; fileRef = 3F72435B2B51307F00781219 /* SaveToken.swift */; };
		3F7243612B5515C300781219 /* SnapKit in Frameworks */ = {isa = PBXBuildFile; productRef = 3F7243602B5515C300781219 /* SnapKit */; };
		3F7243642B557CD900781219 /* EmailLoginViewReactor.swift in Sources */ = {isa = PBXBuildFile; fileRef = 3F7243632B557CD900781219 /* EmailLoginViewReactor.swift */; };
		3F7243662B55877800781219 /* String+extension.swift in Sources */ = {isa = PBXBuildFile; fileRef = 3F7243652B55877800781219 /* String+extension.swift */; };
		3F7243682B558A2C00781219 /* LoginModel.swift in Sources */ = {isa = PBXBuildFile; fileRef = 3F7243672B558A2C00781219 /* LoginModel.swift */; };
		3F72436A2B56727D00781219 /* UIButton+extension.swift in Sources */ = {isa = PBXBuildFile; fileRef = 3F7243692B56727D00781219 /* UIButton+extension.swift */; };
		3F72436C2B57A2D200781219 /* HomeEmptyViewController.swift in Sources */ = {isa = PBXBuildFile; fileRef = 3F72436B2B57A2D200781219 /* HomeEmptyViewController.swift */; };
		3F72436F2B57A62C00781219 /* HomeEmptyView.swift in Sources */ = {isa = PBXBuildFile; fileRef = 3F72436E2B57A62C00781219 /* HomeEmptyView.swift */; };
		3F7243712B57A73D00781219 /* HomeNavigationView.swift in Sources */ = {isa = PBXBuildFile; fileRef = 3F7243702B57A73D00781219 /* HomeNavigationView.swift */; };
		3FE649CB2B43CE5D005D1E4B /* AppDelegate.swift in Sources */ = {isa = PBXBuildFile; fileRef = 3FE649CA2B43CE5D005D1E4B /* AppDelegate.swift */; };
		3FE649CD2B43CE5D005D1E4B /* SceneDelegate.swift in Sources */ = {isa = PBXBuildFile; fileRef = 3FE649CC2B43CE5D005D1E4B /* SceneDelegate.swift */; };
		3FE649D42B43CE5F005D1E4B /* Assets.xcassets in Resources */ = {isa = PBXBuildFile; fileRef = 3FE649D32B43CE5F005D1E4B /* Assets.xcassets */; };
		3FE649D72B43CE5F005D1E4B /* LaunchScreen.storyboard in Resources */ = {isa = PBXBuildFile; fileRef = 3FE649D52B43CE5F005D1E4B /* LaunchScreen.storyboard */; };
		3FE649E02B43D0B2005D1E4B /* SplashViewController.swift in Sources */ = {isa = PBXBuildFile; fileRef = 3FE649DF2B43D0B2005D1E4B /* SplashViewController.swift */; };
		3FE649E22B43D0E8005D1E4B /* OnboardingView.swift in Sources */ = {isa = PBXBuildFile; fileRef = 3FE649E12B43D0E8005D1E4B /* OnboardingView.swift */; };
		3FE649E92B43DB41005D1E4B /* BaseView.swift in Sources */ = {isa = PBXBuildFile; fileRef = 3FE649E82B43DB41005D1E4B /* BaseView.swift */; };
		3FE649EB2B43E2A4005D1E4B /* UIFont+extension.swift in Sources */ = {isa = PBXBuildFile; fileRef = 3FE649EA2B43E2A4005D1E4B /* UIFont+extension.swift */; };
		3FE649EE2B43EB45005D1E4B /* OnboardingViewController.swift in Sources */ = {isa = PBXBuildFile; fileRef = 3FE649ED2B43EB45005D1E4B /* OnboardingViewController.swift */; };
		3FE649F12B43EBB3005D1E4B /* RxCocoa in Frameworks */ = {isa = PBXBuildFile; productRef = 3FE649F02B43EBB3005D1E4B /* RxCocoa */; };
		3FE649F32B43EBB3005D1E4B /* RxSwift in Frameworks */ = {isa = PBXBuildFile; productRef = 3FE649F22B43EBB3005D1E4B /* RxSwift */; };
		3FE649F52B43ECF6005D1E4B /* AuthViewController.swift in Sources */ = {isa = PBXBuildFile; fileRef = 3FE649F42B43ECF6005D1E4B /* AuthViewController.swift */; };
		3FE649F82B44CDB7005D1E4B /* AuthView.swift in Sources */ = {isa = PBXBuildFile; fileRef = 3FE649F72B44CDB7005D1E4B /* AuthView.swift */; };
		3FE649FD2B44E1A3005D1E4B /* ImageButton.swift in Sources */ = {isa = PBXBuildFile; fileRef = 3FE649FC2B44E1A3005D1E4B /* ImageButton.swift */; };
		3FE64A072B452E66005D1E4B /* SignUpViewController.swift in Sources */ = {isa = PBXBuildFile; fileRef = 3FE64A062B452E66005D1E4B /* SignUpViewController.swift */; };
		3FE64A092B452E6F005D1E4B /* SignUpView.swift in Sources */ = {isa = PBXBuildFile; fileRef = 3FE64A082B452E6F005D1E4B /* SignUpView.swift */; };
		3FE64A0B2B453036005D1E4B /* TextFieldView.swift in Sources */ = {isa = PBXBuildFile; fileRef = 3FE64A0A2B453036005D1E4B /* TextFieldView.swift */; };
		3FE64A0F2B47D8A2005D1E4B /* ModalNavigationView.swift in Sources */ = {isa = PBXBuildFile; fileRef = 3FE64A0E2B47D8A2005D1E4B /* ModalNavigationView.swift */; };
		3FE64A112B47E047005D1E4B /* EmailLoginViewController.swift in Sources */ = {isa = PBXBuildFile; fileRef = 3FE64A102B47E047005D1E4B /* EmailLoginViewController.swift */; };
		3FE64A142B47E0D1005D1E4B /* EmailLoginView.swift in Sources */ = {isa = PBXBuildFile; fileRef = 3FE64A132B47E0D1005D1E4B /* EmailLoginView.swift */; };
		3FE64A192B4A53F1005D1E4B /* UIViewController+extension.swift in Sources */ = {isa = PBXBuildFile; fileRef = 3FE64A182B4A53F1005D1E4B /* UIViewController+extension.swift */; };
		3FE64A1D2B4A5BE4005D1E4B /* TextButtonView.swift in Sources */ = {isa = PBXBuildFile; fileRef = 3FE64A1C2B4A5BE4005D1E4B /* TextButtonView.swift */; };
		3FE64A1F2B4A648F005D1E4B /* HomeViewController.swift in Sources */ = {isa = PBXBuildFile; fileRef = 3FE64A1E2B4A648F005D1E4B /* HomeViewController.swift */; };
		3FE64A222B4A78E9005D1E4B /* ReactorKit in Frameworks */ = {isa = PBXBuildFile; productRef = 3FE64A212B4A78E9005D1E4B /* ReactorKit */; };
		3FE64A262B4A990C005D1E4B /* SignUpViewReactor.swift in Sources */ = {isa = PBXBuildFile; fileRef = 3FE64A252B4A990C005D1E4B /* SignUpViewReactor.swift */; };
		3FE64A282B4B82B9005D1E4B /* AuthAPIManager.swift in Sources */ = {isa = PBXBuildFile; fileRef = 3FE64A272B4B82B9005D1E4B /* AuthAPIManager.swift */; };
		3FE64A2E2B4B8586005D1E4B /* .gitignore in Resources */ = {isa = PBXBuildFile; fileRef = 3FE64A2D2B4B8586005D1E4B /* .gitignore */; };
		3FE64A302B4B859D005D1E4B /* APIInfo.swift in Sources */ = {isa = PBXBuildFile; fileRef = 3FE64A2F2B4B859D005D1E4B /* APIInfo.swift */; };
		3FE64A352B4B9621005D1E4B /* APIManagerProtocol.swift in Sources */ = {isa = PBXBuildFile; fileRef = 3FE64A342B4B9621005D1E4B /* APIManagerProtocol.swift */; };
		3FE64A422B4B9E10005D1E4B /* RxMoya in Frameworks */ = {isa = PBXBuildFile; productRef = 3FE64A412B4B9E10005D1E4B /* RxMoya */; };
		3FE64A472B4D0A9A005D1E4B /* CommonErrorType.swift in Sources */ = {isa = PBXBuildFile; fileRef = 3FE64A462B4D0A9A005D1E4B /* CommonErrorType.swift */; };
		3FE64A492B4D173A005D1E4B /* ErrorResponseModel.swift in Sources */ = {isa = PBXBuildFile; fileRef = 3FE64A482B4D173A005D1E4B /* ErrorResponseModel.swift */; };
		3FE64A4B2B4D2E7B005D1E4B /* JoinModel.swift in Sources */ = {isa = PBXBuildFile; fileRef = 3FE64A4A2B4D2E7A005D1E4B /* JoinModel.swift */; };
		3FE64A4D2B4D2FB3005D1E4B /* AuthResponseModel.swift in Sources */ = {isa = PBXBuildFile; fileRef = 3FE64A4C2B4D2FB3005D1E4B /* AuthResponseModel.swift */; };
		3FE64A512B4D3406005D1E4B /* AuthMessageType.swift in Sources */ = {isa = PBXBuildFile; fileRef = 3FE64A502B4D3406005D1E4B /* AuthMessageType.swift */; };
		3FE64A5A2B4FA7D4005D1E4B /* EmptyResponseModel.swift in Sources */ = {isa = PBXBuildFile; fileRef = 3FE64A592B4FA7D4005D1E4B /* EmptyResponseModel.swift */; };
/* End PBXBuildFile section */

/* Begin PBXFileReference section */
		3F21B3AF2B6FBD6E00BF67F7 /* CreateWSView.swift */ = {isa = PBXFileReference; fileEncoding = 4; lastKnownFileType = sourcecode.swift; path = CreateWSView.swift; sourceTree = "<group>"; };
		3F21B3B12B6FBD7800BF67F7 /* WSListViewController.swift */ = {isa = PBXFileReference; fileEncoding = 4; lastKnownFileType = sourcecode.swift; name = WSListViewController.swift; path = SideMenu/WSListViewController.swift; sourceTree = "<group>"; };
		3F21B3B32B6FBE8E00BF67F7 /* CreateWSController.swift */ = {isa = PBXFileReference; lastKnownFileType = sourcecode.swift; path = CreateWSController.swift; sourceTree = "<group>"; };
		3F72435B2B51307F00781219 /* SaveToken.swift */ = {isa = PBXFileReference; lastKnownFileType = sourcecode.swift; path = SaveToken.swift; sourceTree = "<group>"; };
		3F7243632B557CD900781219 /* EmailLoginViewReactor.swift */ = {isa = PBXFileReference; lastKnownFileType = sourcecode.swift; path = EmailLoginViewReactor.swift; sourceTree = "<group>"; };
		3F7243652B55877800781219 /* String+extension.swift */ = {isa = PBXFileReference; lastKnownFileType = sourcecode.swift; path = "String+extension.swift"; sourceTree = "<group>"; };
		3F7243672B558A2C00781219 /* LoginModel.swift */ = {isa = PBXFileReference; lastKnownFileType = sourcecode.swift; path = LoginModel.swift; sourceTree = "<group>"; };
		3F7243692B56727D00781219 /* UIButton+extension.swift */ = {isa = PBXFileReference; lastKnownFileType = sourcecode.swift; path = "UIButton+extension.swift"; sourceTree = "<group>"; };
		3F72436B2B57A2D200781219 /* HomeEmptyViewController.swift */ = {isa = PBXFileReference; lastKnownFileType = sourcecode.swift; path = HomeEmptyViewController.swift; sourceTree = "<group>"; };
		3F72436E2B57A62C00781219 /* HomeEmptyView.swift */ = {isa = PBXFileReference; lastKnownFileType = sourcecode.swift; path = HomeEmptyView.swift; sourceTree = "<group>"; };
		3F7243702B57A73D00781219 /* HomeNavigationView.swift */ = {isa = PBXFileReference; lastKnownFileType = sourcecode.swift; path = HomeNavigationView.swift; sourceTree = "<group>"; };
		3FE649C72B43CE5D005D1E4B /* Workspace.app */ = {isa = PBXFileReference; explicitFileType = wrapper.application; includeInIndex = 0; path = Workspace.app; sourceTree = BUILT_PRODUCTS_DIR; };
		3FE649CA2B43CE5D005D1E4B /* AppDelegate.swift */ = {isa = PBXFileReference; lastKnownFileType = sourcecode.swift; path = AppDelegate.swift; sourceTree = "<group>"; };
		3FE649CC2B43CE5D005D1E4B /* SceneDelegate.swift */ = {isa = PBXFileReference; lastKnownFileType = sourcecode.swift; path = SceneDelegate.swift; sourceTree = "<group>"; };
		3FE649D32B43CE5F005D1E4B /* Assets.xcassets */ = {isa = PBXFileReference; lastKnownFileType = folder.assetcatalog; path = Assets.xcassets; sourceTree = "<group>"; };
		3FE649D62B43CE5F005D1E4B /* Base */ = {isa = PBXFileReference; lastKnownFileType = file.storyboard; name = Base; path = Base.lproj/LaunchScreen.storyboard; sourceTree = "<group>"; };
		3FE649D82B43CE5F005D1E4B /* Info.plist */ = {isa = PBXFileReference; lastKnownFileType = text.plist.xml; path = Info.plist; sourceTree = "<group>"; };
		3FE649DF2B43D0B2005D1E4B /* SplashViewController.swift */ = {isa = PBXFileReference; lastKnownFileType = sourcecode.swift; path = SplashViewController.swift; sourceTree = "<group>"; };
		3FE649E12B43D0E8005D1E4B /* OnboardingView.swift */ = {isa = PBXFileReference; lastKnownFileType = sourcecode.swift; path = OnboardingView.swift; sourceTree = "<group>"; };
		3FE649E82B43DB41005D1E4B /* BaseView.swift */ = {isa = PBXFileReference; lastKnownFileType = sourcecode.swift; path = BaseView.swift; sourceTree = "<group>"; };
		3FE649EA2B43E2A4005D1E4B /* UIFont+extension.swift */ = {isa = PBXFileReference; lastKnownFileType = sourcecode.swift; path = "UIFont+extension.swift"; sourceTree = "<group>"; };
		3FE649ED2B43EB45005D1E4B /* OnboardingViewController.swift */ = {isa = PBXFileReference; lastKnownFileType = sourcecode.swift; path = OnboardingViewController.swift; sourceTree = "<group>"; };
		3FE649F42B43ECF6005D1E4B /* AuthViewController.swift */ = {isa = PBXFileReference; lastKnownFileType = sourcecode.swift; path = AuthViewController.swift; sourceTree = "<group>"; };
		3FE649F72B44CDB7005D1E4B /* AuthView.swift */ = {isa = PBXFileReference; lastKnownFileType = sourcecode.swift; path = AuthView.swift; sourceTree = "<group>"; };
		3FE649FC2B44E1A3005D1E4B /* ImageButton.swift */ = {isa = PBXFileReference; lastKnownFileType = sourcecode.swift; path = ImageButton.swift; sourceTree = "<group>"; };
		3FE64A062B452E66005D1E4B /* SignUpViewController.swift */ = {isa = PBXFileReference; lastKnownFileType = sourcecode.swift; path = SignUpViewController.swift; sourceTree = "<group>"; };
		3FE64A082B452E6F005D1E4B /* SignUpView.swift */ = {isa = PBXFileReference; lastKnownFileType = sourcecode.swift; path = SignUpView.swift; sourceTree = "<group>"; };
		3FE64A0A2B453036005D1E4B /* TextFieldView.swift */ = {isa = PBXFileReference; lastKnownFileType = sourcecode.swift; path = TextFieldView.swift; sourceTree = "<group>"; };
		3FE64A0E2B47D8A2005D1E4B /* ModalNavigationView.swift */ = {isa = PBXFileReference; fileEncoding = 4; lastKnownFileType = sourcecode.swift; path = ModalNavigationView.swift; sourceTree = "<group>"; };
		3FE64A102B47E047005D1E4B /* EmailLoginViewController.swift */ = {isa = PBXFileReference; lastKnownFileType = sourcecode.swift; path = EmailLoginViewController.swift; sourceTree = "<group>"; };
		3FE64A132B47E0D1005D1E4B /* EmailLoginView.swift */ = {isa = PBXFileReference; lastKnownFileType = sourcecode.swift; path = EmailLoginView.swift; sourceTree = "<group>"; };
		3FE64A182B4A53F1005D1E4B /* UIViewController+extension.swift */ = {isa = PBXFileReference; lastKnownFileType = sourcecode.swift; path = "UIViewController+extension.swift"; sourceTree = "<group>"; };
		3FE64A1C2B4A5BE4005D1E4B /* TextButtonView.swift */ = {isa = PBXFileReference; lastKnownFileType = sourcecode.swift; path = TextButtonView.swift; sourceTree = "<group>"; };
		3FE64A1E2B4A648F005D1E4B /* HomeViewController.swift */ = {isa = PBXFileReference; lastKnownFileType = sourcecode.swift; path = HomeViewController.swift; sourceTree = "<group>"; };
		3FE64A252B4A990C005D1E4B /* SignUpViewReactor.swift */ = {isa = PBXFileReference; lastKnownFileType = sourcecode.swift; path = SignUpViewReactor.swift; sourceTree = "<group>"; };
		3FE64A272B4B82B9005D1E4B /* AuthAPIManager.swift */ = {isa = PBXFileReference; lastKnownFileType = sourcecode.swift; path = AuthAPIManager.swift; sourceTree = "<group>"; };
		3FE64A2D2B4B8586005D1E4B /* .gitignore */ = {isa = PBXFileReference; lastKnownFileType = text; path = .gitignore; sourceTree = "<group>"; };
		3FE64A2F2B4B859D005D1E4B /* APIInfo.swift */ = {isa = PBXFileReference; lastKnownFileType = sourcecode.swift; path = APIInfo.swift; sourceTree = "<group>"; };
		3FE64A342B4B9621005D1E4B /* APIManagerProtocol.swift */ = {isa = PBXFileReference; lastKnownFileType = sourcecode.swift; path = APIManagerProtocol.swift; sourceTree = "<group>"; };
		3FE64A462B4D0A9A005D1E4B /* CommonErrorType.swift */ = {isa = PBXFileReference; lastKnownFileType = sourcecode.swift; path = CommonErrorType.swift; sourceTree = "<group>"; };
		3FE64A482B4D173A005D1E4B /* ErrorResponseModel.swift */ = {isa = PBXFileReference; lastKnownFileType = sourcecode.swift; path = ErrorResponseModel.swift; sourceTree = "<group>"; };
		3FE64A4A2B4D2E7A005D1E4B /* JoinModel.swift */ = {isa = PBXFileReference; lastKnownFileType = sourcecode.swift; path = JoinModel.swift; sourceTree = "<group>"; };
		3FE64A4C2B4D2FB3005D1E4B /* AuthResponseModel.swift */ = {isa = PBXFileReference; lastKnownFileType = sourcecode.swift; path = AuthResponseModel.swift; sourceTree = "<group>"; };
		3FE64A502B4D3406005D1E4B /* AuthMessageType.swift */ = {isa = PBXFileReference; lastKnownFileType = sourcecode.swift; path = AuthMessageType.swift; sourceTree = "<group>"; };
		3FE64A582B4FA2D1005D1E4B /* Workspace.entitlements */ = {isa = PBXFileReference; fileEncoding = 4; lastKnownFileType = text.plist.entitlements; name = Workspace.entitlements; path = ../../../../../.Trash/Workspace.entitlements; sourceTree = "<group>"; };
		3FE64A592B4FA7D4005D1E4B /* EmptyResponseModel.swift */ = {isa = PBXFileReference; lastKnownFileType = sourcecode.swift; path = EmptyResponseModel.swift; sourceTree = "<group>"; };
/* End PBXFileReference section */

/* Begin PBXFrameworksBuildPhase section */
		3FE649C42B43CE5D005D1E4B /* Frameworks */ = {
			isa = PBXFrameworksBuildPhase;
			buildActionMask = 2147483647;
			files = (
				3FE64A422B4B9E10005D1E4B /* RxMoya in Frameworks */,
				3FE649F32B43EBB3005D1E4B /* RxSwift in Frameworks */,
				3FE649F12B43EBB3005D1E4B /* RxCocoa in Frameworks */,
				3FE64A222B4A78E9005D1E4B /* ReactorKit in Frameworks */,
				3F7243612B5515C300781219 /* SnapKit in Frameworks */,
			);
			runOnlyForDeploymentPostprocessing = 0;
		};
/* End PBXFrameworksBuildPhase section */

/* Begin PBXGroup section */
		3F7243622B557AD800781219 /* APIManager */ = {
			isa = PBXGroup;
			children = (
				3FE64A272B4B82B9005D1E4B /* AuthAPIManager.swift */,
			);
			path = APIManager;
			sourceTree = "<group>";
		};
		3F72436D2B57A61A00781219 /* Empty */ = {
			isa = PBXGroup;
			children = (
				3F72436E2B57A62C00781219 /* HomeEmptyView.swift */,
				3F72436B2B57A2D200781219 /* HomeEmptyViewController.swift */,
			);
			path = Empty;
			sourceTree = "<group>";
		};
		3F7243752B59ACC600781219 /*  WS - WorkSpace */ = {
			isa = PBXGroup;
			children = (
				3F21B3B12B6FBD7800BF67F7 /* WSListViewController.swift */,
				3F7243782B59AD2500781219 /* Create */,
			);
			path = " WS - WorkSpace";
			sourceTree = "<group>";
		};
		3F7243782B59AD2500781219 /* Create */ = {
			isa = PBXGroup;
			children = (
				3F21B3AF2B6FBD6E00BF67F7 /* CreateWSView.swift */,
				3F21B3B32B6FBE8E00BF67F7 /* CreateWSController.swift */,
			);
			path = Create;
			sourceTree = "<group>";
		};
		3FE649BE2B43CE5D005D1E4B = {
			isa = PBXGroup;
			children = (
				3FE649C92B43CE5D005D1E4B /* Workspace */,
				3FE649C82B43CE5D005D1E4B /* Products */,
			);
			sourceTree = "<group>";
		};
		3FE649C82B43CE5D005D1E4B /* Products */ = {
			isa = PBXGroup;
			children = (
				3FE649C72B43CE5D005D1E4B /* Workspace.app */,
			);
			name = Products;
			sourceTree = "<group>";
		};
		3FE649C92B43CE5D005D1E4B /* Workspace */ = {
			isa = PBXGroup;
			children = (
				3FE64A582B4FA2D1005D1E4B /* Workspace.entitlements */,
				3FE649E62B43D146005D1E4B /* Common */,
				3FE649DE2B43D07C005D1E4B /* Onboarding */,
				3FE64A152B47E220005D1E4B /* Home */,
				3F7243752B59ACC600781219 /*  WS - WorkSpace */,
				3FE649E72B43D167005D1E4B /* Delegate */,
				3FE649D32B43CE5F005D1E4B /* Assets.xcassets */,
				3FE649D82B43CE5F005D1E4B /* Info.plist */,
			);
			path = Workspace;
			sourceTree = "<group>";
		};
		3FE649DE2B43D07C005D1E4B /* Onboarding */ = {
			isa = PBXGroup;
			children = (
				3FE649E12B43D0E8005D1E4B /* OnboardingView.swift */,
				3FE649ED2B43EB45005D1E4B /* OnboardingViewController.swift */,
				3FE649F62B44CD6A005D1E4B /* Auth */,
			);
			path = Onboarding;
			sourceTree = "<group>";
		};
		3FE649E62B43D146005D1E4B /* Common */ = {
			isa = PBXGroup;
			children = (
				3FE649D52B43CE5F005D1E4B /* LaunchScreen.storyboard */,
				3FE649DF2B43D0B2005D1E4B /* SplashViewController.swift */,
				3F72435B2B51307F00781219 /* SaveToken.swift */,
				3FE64A292B4B82C0005D1E4B /* Network */,
				3FE64A4F2B4D33EA005D1E4B /* Message */,
				3FE649EC2B43E2AF005D1E4B /* Extension */,
				3FE649F92B44D2DE005D1E4B /* Componet */,
			);
			path = Common;
			sourceTree = "<group>";
		};
		3FE649E72B43D167005D1E4B /* Delegate */ = {
			isa = PBXGroup;
			children = (
				3FE649CA2B43CE5D005D1E4B /* AppDelegate.swift */,
				3FE649CC2B43CE5D005D1E4B /* SceneDelegate.swift */,
			);
			path = Delegate;
			sourceTree = "<group>";
		};
		3FE649EC2B43E2AF005D1E4B /* Extension */ = {
			isa = PBXGroup;
			children = (
				3FE649EA2B43E2A4005D1E4B /* UIFont+extension.swift */,
				3FE64A182B4A53F1005D1E4B /* UIViewController+extension.swift */,
				3F7243652B55877800781219 /* String+extension.swift */,
				3F7243692B56727D00781219 /* UIButton+extension.swift */,
			);
			path = Extension;
			sourceTree = "<group>";
		};
		3FE649F62B44CD6A005D1E4B /* Auth */ = {
			isa = PBXGroup;
			children = (
				3FE649F72B44CDB7005D1E4B /* AuthView.swift */,
				3FE649F42B43ECF6005D1E4B /* AuthViewController.swift */,
				3FE64A122B47E051005D1E4B /* EmailLogin */,
				3FE64A052B452E54005D1E4B /* SignUp */,
			);
			path = Auth;
			sourceTree = "<group>";
		};
		3FE649F92B44D2DE005D1E4B /* Componet */ = {
			isa = PBXGroup;
			children = (
				3FE649E82B43DB41005D1E4B /* BaseView.swift */,
				3FE649FC2B44E1A3005D1E4B /* ImageButton.swift */,
				3FE64A0A2B453036005D1E4B /* TextFieldView.swift */,
				3FE64A1C2B4A5BE4005D1E4B /* TextButtonView.swift */,
				3FE64A0E2B47D8A2005D1E4B /* ModalNavigationView.swift */,
				3F7243702B57A73D00781219 /* HomeNavigationView.swift */,
			);
			path = Componet;
			sourceTree = "<group>";
		};
		3FE64A052B452E54005D1E4B /* SignUp */ = {
			isa = PBXGroup;
			children = (
				3FE64A082B452E6F005D1E4B /* SignUpView.swift */,
				3FE64A062B452E66005D1E4B /* SignUpViewController.swift */,
				3FE64A252B4A990C005D1E4B /* SignUpViewReactor.swift */,
			);
			path = SignUp;
			sourceTree = "<group>";
		};
		3FE64A122B47E051005D1E4B /* EmailLogin */ = {
			isa = PBXGroup;
			children = (
				3FE64A132B47E0D1005D1E4B /* EmailLoginView.swift */,
				3FE64A102B47E047005D1E4B /* EmailLoginViewController.swift */,
				3F7243632B557CD900781219 /* EmailLoginViewReactor.swift */,
			);
			path = EmailLogin;
			sourceTree = "<group>";
		};
		3FE64A152B47E220005D1E4B /* Home */ = {
			isa = PBXGroup;
			children = (
				3FE64A1E2B4A648F005D1E4B /* HomeViewController.swift */,
				3F72436D2B57A61A00781219 /* Empty */,
			);
			path = Home;
			sourceTree = "<group>";
		};
		3FE64A292B4B82C0005D1E4B /* Network */ = {
			isa = PBXGroup;
			children = (
				3FE64A2D2B4B8586005D1E4B /* .gitignore */,
				3FE64A2F2B4B859D005D1E4B /* APIInfo.swift */,
				3FE64A342B4B9621005D1E4B /* APIManagerProtocol.swift */,
				3F7243622B557AD800781219 /* APIManager */,
				3FE64A312B4B8838005D1E4B /* Dto */,
				3FE64A452B4D0A8C005D1E4B /* Error */,
			);
			path = Network;
			sourceTree = "<group>";
		};
		3FE64A312B4B8838005D1E4B /* Dto */ = {
			isa = PBXGroup;
			children = (
				3FE64A482B4D173A005D1E4B /* ErrorResponseModel.swift */,
				3FE64A592B4FA7D4005D1E4B /* EmptyResponseModel.swift */,
				3FE64A4E2B4D2FC6005D1E4B /* Auth */,
			);
			path = Dto;
			sourceTree = "<group>";
		};
		3FE64A452B4D0A8C005D1E4B /* Error */ = {
			isa = PBXGroup;
			children = (
				3FE64A462B4D0A9A005D1E4B /* CommonErrorType.swift */,
			);
			path = Error;
			sourceTree = "<group>";
		};
		3FE64A4E2B4D2FC6005D1E4B /* Auth */ = {
			isa = PBXGroup;
			children = (
				3FE64A4A2B4D2E7A005D1E4B /* JoinModel.swift */,
				3FE64A4C2B4D2FB3005D1E4B /* AuthResponseModel.swift */,
				3F7243672B558A2C00781219 /* LoginModel.swift */,
			);
			path = Auth;
			sourceTree = "<group>";
		};
		3FE64A4F2B4D33EA005D1E4B /* Message */ = {
			isa = PBXGroup;
			children = (
				3FE64A502B4D3406005D1E4B /* AuthMessageType.swift */,
			);
			path = Message;
			sourceTree = "<group>";
		};
/* End PBXGroup section */

/* Begin PBXNativeTarget section */
		3FE649C62B43CE5D005D1E4B /* Workspace */ = {
			isa = PBXNativeTarget;
			buildConfigurationList = 3FE649DB2B43CE5F005D1E4B /* Build configuration list for PBXNativeTarget "Workspace" */;
			buildPhases = (
				3FE649C32B43CE5D005D1E4B /* Sources */,
				3FE649C42B43CE5D005D1E4B /* Frameworks */,
				3FE649C52B43CE5D005D1E4B /* Resources */,
			);
			buildRules = (
			);
			dependencies = (
			);
			name = Workspace;
			packageProductDependencies = (
				3FE649F02B43EBB3005D1E4B /* RxCocoa */,
				3FE649F22B43EBB3005D1E4B /* RxSwift */,
				3FE64A212B4A78E9005D1E4B /* ReactorKit */,
				3FE64A412B4B9E10005D1E4B /* RxMoya */,
				3F7243602B5515C300781219 /* SnapKit */,
			);
			productName = Workspace;
			productReference = 3FE649C72B43CE5D005D1E4B /* Workspace.app */;
			productType = "com.apple.product-type.application";
		};
/* End PBXNativeTarget section */

/* Begin PBXProject section */
		3FE649BF2B43CE5D005D1E4B /* Project object */ = {
			isa = PBXProject;
			attributes = {
				BuildIndependentTargetsInParallel = 1;
				LastSwiftUpdateCheck = 1500;
				LastUpgradeCheck = 1500;
				TargetAttributes = {
					3FE649C62B43CE5D005D1E4B = {
						CreatedOnToolsVersion = 15.0;
					};
				};
			};
			buildConfigurationList = 3FE649C22B43CE5D005D1E4B /* Build configuration list for PBXProject "Workspace" */;
			compatibilityVersion = "Xcode 14.0";
			developmentRegion = en;
			hasScannedForEncodings = 0;
			knownRegions = (
				en,
				Base,
			);
			mainGroup = 3FE649BE2B43CE5D005D1E4B;
			packageReferences = (
				3FE649EF2B43EBB3005D1E4B /* XCRemoteSwiftPackageReference "RxSwift" */,
				3FE64A202B4A78E9005D1E4B /* XCRemoteSwiftPackageReference "ReactorKit" */,
				3FE64A402B4B9E10005D1E4B /* XCRemoteSwiftPackageReference "Moya" */,
				3F72435F2B5515C300781219 /* XCRemoteSwiftPackageReference "SnapKit" */,
			);
			productRefGroup = 3FE649C82B43CE5D005D1E4B /* Products */;
			projectDirPath = "";
			projectRoot = "";
			targets = (
				3FE649C62B43CE5D005D1E4B /* Workspace */,
			);
		};
/* End PBXProject section */

/* Begin PBXResourcesBuildPhase section */
		3FE649C52B43CE5D005D1E4B /* Resources */ = {
			isa = PBXResourcesBuildPhase;
			buildActionMask = 2147483647;
			files = (
				3FE649D72B43CE5F005D1E4B /* LaunchScreen.storyboard in Resources */,
				3FE64A2E2B4B8586005D1E4B /* .gitignore in Resources */,
				3FE649D42B43CE5F005D1E4B /* Assets.xcassets in Resources */,
			);
			runOnlyForDeploymentPostprocessing = 0;
		};
/* End PBXResourcesBuildPhase section */

/* Begin PBXSourcesBuildPhase section */
		3FE649C32B43CE5D005D1E4B /* Sources */ = {
			isa = PBXSourcesBuildPhase;
			buildActionMask = 2147483647;
			files = (
				3FE64A492B4D173A005D1E4B /* ErrorResponseModel.swift in Sources */,
				3F72436C2B57A2D200781219 /* HomeEmptyViewController.swift in Sources */,
				3FE64A352B4B9621005D1E4B /* APIManagerProtocol.swift in Sources */,
				3FE649CB2B43CE5D005D1E4B /* AppDelegate.swift in Sources */,
				3FE649EB2B43E2A4005D1E4B /* UIFont+extension.swift in Sources */,
				3F21B3B42B6FBE8E00BF67F7 /* CreateWSController.swift in Sources */,
				3F21B3B02B6FBD6E00BF67F7 /* CreateWSView.swift in Sources */,
				3FE64A142B47E0D1005D1E4B /* EmailLoginView.swift in Sources */,
				3F7243662B55877800781219 /* String+extension.swift in Sources */,
				3FE649E22B43D0E8005D1E4B /* OnboardingView.swift in Sources */,
				3FE649E92B43DB41005D1E4B /* BaseView.swift in Sources */,
				3FE64A262B4A990C005D1E4B /* SignUpViewReactor.swift in Sources */,
				3F7243642B557CD900781219 /* EmailLoginViewReactor.swift in Sources */,
				3F7243712B57A73D00781219 /* HomeNavigationView.swift in Sources */,
				3FE64A1D2B4A5BE4005D1E4B /* TextButtonView.swift in Sources */,
				3F72436A2B56727D00781219 /* UIButton+extension.swift in Sources */,
				3FE649F52B43ECF6005D1E4B /* AuthViewController.swift in Sources */,
				3FE649FD2B44E1A3005D1E4B /* ImageButton.swift in Sources */,
				3FE64A072B452E66005D1E4B /* SignUpViewController.swift in Sources */,
				3FE64A302B4B859D005D1E4B /* APIInfo.swift in Sources */,
				3FE64A4D2B4D2FB3005D1E4B /* AuthResponseModel.swift in Sources */,
				3FE64A0B2B453036005D1E4B /* TextFieldView.swift in Sources */,
				3FE64A472B4D0A9A005D1E4B /* CommonErrorType.swift in Sources */,
				3FE64A112B47E047005D1E4B /* EmailLoginViewController.swift in Sources */,
				3FE64A0F2B47D8A2005D1E4B /* ModalNavigationView.swift in Sources */,
				3FE64A092B452E6F005D1E4B /* SignUpView.swift in Sources */,
				3FE649EE2B43EB45005D1E4B /* OnboardingViewController.swift in Sources */,
				3FE649E02B43D0B2005D1E4B /* SplashViewController.swift in Sources */,
				3F72436F2B57A62C00781219 /* HomeEmptyView.swift in Sources */,
				3FE64A282B4B82B9005D1E4B /* AuthAPIManager.swift in Sources */,
				3F21B3B22B6FBD7800BF67F7 /* WSListViewController.swift in Sources */,
				3F72435C2B51307F00781219 /* SaveToken.swift in Sources */,
				3FE64A5A2B4FA7D4005D1E4B /* EmptyResponseModel.swift in Sources */,
				3FE64A1F2B4A648F005D1E4B /* HomeViewController.swift in Sources */,
				3FE64A512B4D3406005D1E4B /* AuthMessageType.swift in Sources */,
				3FE649CD2B43CE5D005D1E4B /* SceneDelegate.swift in Sources */,
				3FE64A4B2B4D2E7B005D1E4B /* JoinModel.swift in Sources */,
				3FE64A192B4A53F1005D1E4B /* UIViewController+extension.swift in Sources */,
				3F7243682B558A2C00781219 /* LoginModel.swift in Sources */,
				3FE649F82B44CDB7005D1E4B /* AuthView.swift in Sources */,
			);
			runOnlyForDeploymentPostprocessing = 0;
		};
/* End PBXSourcesBuildPhase section */

/* Begin PBXVariantGroup section */
		3FE649D52B43CE5F005D1E4B /* LaunchScreen.storyboard */ = {
			isa = PBXVariantGroup;
			children = (
				3FE649D62B43CE5F005D1E4B /* Base */,
			);
			name = LaunchScreen.storyboard;
			sourceTree = "<group>";
		};
/* End PBXVariantGroup section */

/* Begin XCBuildConfiguration section */
		3FE649D92B43CE5F005D1E4B /* Debug */ = {
			isa = XCBuildConfiguration;
			buildSettings = {
				ALWAYS_SEARCH_USER_PATHS = NO;
				ASSETCATALOG_COMPILER_GENERATE_SWIFT_ASSET_SYMBOL_EXTENSIONS = YES;
				CLANG_ANALYZER_NONNULL = YES;
				CLANG_ANALYZER_NUMBER_OBJECT_CONVERSION = YES_AGGRESSIVE;
				CLANG_CXX_LANGUAGE_STANDARD = "gnu++20";
				CLANG_ENABLE_MODULES = YES;
				CLANG_ENABLE_OBJC_ARC = YES;
				CLANG_ENABLE_OBJC_WEAK = YES;
				CLANG_WARN_BLOCK_CAPTURE_AUTORELEASING = YES;
				CLANG_WARN_BOOL_CONVERSION = YES;
				CLANG_WARN_COMMA = YES;
				CLANG_WARN_CONSTANT_CONVERSION = YES;
				CLANG_WARN_DEPRECATED_OBJC_IMPLEMENTATIONS = YES;
				CLANG_WARN_DIRECT_OBJC_ISA_USAGE = YES_ERROR;
				CLANG_WARN_DOCUMENTATION_COMMENTS = YES;
				CLANG_WARN_EMPTY_BODY = YES;
				CLANG_WARN_ENUM_CONVERSION = YES;
				CLANG_WARN_INFINITE_RECURSION = YES;
				CLANG_WARN_INT_CONVERSION = YES;
				CLANG_WARN_NON_LITERAL_NULL_CONVERSION = YES;
				CLANG_WARN_OBJC_IMPLICIT_RETAIN_SELF = YES;
				CLANG_WARN_OBJC_LITERAL_CONVERSION = YES;
				CLANG_WARN_OBJC_ROOT_CLASS = YES_ERROR;
				CLANG_WARN_QUOTED_INCLUDE_IN_FRAMEWORK_HEADER = YES;
				CLANG_WARN_RANGE_LOOP_ANALYSIS = YES;
				CLANG_WARN_STRICT_PROTOTYPES = YES;
				CLANG_WARN_SUSPICIOUS_MOVE = YES;
				CLANG_WARN_UNGUARDED_AVAILABILITY = YES_AGGRESSIVE;
				CLANG_WARN_UNREACHABLE_CODE = YES;
				CLANG_WARN__DUPLICATE_METHOD_MATCH = YES;
				COPY_PHASE_STRIP = NO;
				DEBUG_INFORMATION_FORMAT = dwarf;
				ENABLE_STRICT_OBJC_MSGSEND = YES;
				ENABLE_TESTABILITY = YES;
				ENABLE_USER_SCRIPT_SANDBOXING = YES;
				GCC_C_LANGUAGE_STANDARD = gnu17;
				GCC_DYNAMIC_NO_PIC = NO;
				GCC_NO_COMMON_BLOCKS = YES;
				GCC_OPTIMIZATION_LEVEL = 0;
				GCC_PREPROCESSOR_DEFINITIONS = (
					"DEBUG=1",
					"$(inherited)",
				);
				GCC_WARN_64_TO_32_BIT_CONVERSION = YES;
				GCC_WARN_ABOUT_RETURN_TYPE = YES_ERROR;
				GCC_WARN_UNDECLARED_SELECTOR = YES;
				GCC_WARN_UNINITIALIZED_AUTOS = YES_AGGRESSIVE;
				GCC_WARN_UNUSED_FUNCTION = YES;
				GCC_WARN_UNUSED_VARIABLE = YES;
				INFOPLIST_KEY_CFBundleDisplayName = "작업공간";
				IPHONEOS_DEPLOYMENT_TARGET = 17.0;
				LOCALIZATION_PREFERS_STRING_CATALOGS = YES;
				MTL_ENABLE_DEBUG_INFO = INCLUDE_SOURCE;
				MTL_FAST_MATH = YES;
				ONLY_ACTIVE_ARCH = YES;
				SDKROOT = iphoneos;
				SWIFT_ACTIVE_COMPILATION_CONDITIONS = "DEBUG $(inherited)";
				SWIFT_OPTIMIZATION_LEVEL = "-Onone";
			};
			name = Debug;
		};
		3FE649DA2B43CE5F005D1E4B /* Release */ = {
			isa = XCBuildConfiguration;
			buildSettings = {
				ALWAYS_SEARCH_USER_PATHS = NO;
				ASSETCATALOG_COMPILER_GENERATE_SWIFT_ASSET_SYMBOL_EXTENSIONS = YES;
				CLANG_ANALYZER_NONNULL = YES;
				CLANG_ANALYZER_NUMBER_OBJECT_CONVERSION = YES_AGGRESSIVE;
				CLANG_CXX_LANGUAGE_STANDARD = "gnu++20";
				CLANG_ENABLE_MODULES = YES;
				CLANG_ENABLE_OBJC_ARC = YES;
				CLANG_ENABLE_OBJC_WEAK = YES;
				CLANG_WARN_BLOCK_CAPTURE_AUTORELEASING = YES;
				CLANG_WARN_BOOL_CONVERSION = YES;
				CLANG_WARN_COMMA = YES;
				CLANG_WARN_CONSTANT_CONVERSION = YES;
				CLANG_WARN_DEPRECATED_OBJC_IMPLEMENTATIONS = YES;
				CLANG_WARN_DIRECT_OBJC_ISA_USAGE = YES_ERROR;
				CLANG_WARN_DOCUMENTATION_COMMENTS = YES;
				CLANG_WARN_EMPTY_BODY = YES;
				CLANG_WARN_ENUM_CONVERSION = YES;
				CLANG_WARN_INFINITE_RECURSION = YES;
				CLANG_WARN_INT_CONVERSION = YES;
				CLANG_WARN_NON_LITERAL_NULL_CONVERSION = YES;
				CLANG_WARN_OBJC_IMPLICIT_RETAIN_SELF = YES;
				CLANG_WARN_OBJC_LITERAL_CONVERSION = YES;
				CLANG_WARN_OBJC_ROOT_CLASS = YES_ERROR;
				CLANG_WARN_QUOTED_INCLUDE_IN_FRAMEWORK_HEADER = YES;
				CLANG_WARN_RANGE_LOOP_ANALYSIS = YES;
				CLANG_WARN_STRICT_PROTOTYPES = YES;
				CLANG_WARN_SUSPICIOUS_MOVE = YES;
				CLANG_WARN_UNGUARDED_AVAILABILITY = YES_AGGRESSIVE;
				CLANG_WARN_UNREACHABLE_CODE = YES;
				CLANG_WARN__DUPLICATE_METHOD_MATCH = YES;
				COPY_PHASE_STRIP = NO;
				DEBUG_INFORMATION_FORMAT = "dwarf-with-dsym";
				ENABLE_NS_ASSERTIONS = NO;
				ENABLE_STRICT_OBJC_MSGSEND = YES;
				ENABLE_USER_SCRIPT_SANDBOXING = YES;
				GCC_C_LANGUAGE_STANDARD = gnu17;
				GCC_NO_COMMON_BLOCKS = YES;
				GCC_WARN_64_TO_32_BIT_CONVERSION = YES;
				GCC_WARN_ABOUT_RETURN_TYPE = YES_ERROR;
				GCC_WARN_UNDECLARED_SELECTOR = YES;
				GCC_WARN_UNINITIALIZED_AUTOS = YES_AGGRESSIVE;
				GCC_WARN_UNUSED_FUNCTION = YES;
				GCC_WARN_UNUSED_VARIABLE = YES;
				INFOPLIST_KEY_CFBundleDisplayName = "작업공간";
				IPHONEOS_DEPLOYMENT_TARGET = 17.0;
				LOCALIZATION_PREFERS_STRING_CATALOGS = YES;
				MTL_ENABLE_DEBUG_INFO = NO;
				MTL_FAST_MATH = YES;
				SDKROOT = iphoneos;
				SWIFT_COMPILATION_MODE = wholemodule;
				VALIDATE_PRODUCT = YES;
			};
			name = Release;
		};
		3FE649DC2B43CE5F005D1E4B /* Debug */ = {
			isa = XCBuildConfiguration;
			buildSettings = {
				ASSETCATALOG_COMPILER_APPICON_NAME = AppIcon;
				ASSETCATALOG_COMPILER_GLOBAL_ACCENT_COLOR_NAME = AccentColor;
				CODE_SIGN_ENTITLEMENTS = Workspace/Workspace.entitlements;
				CODE_SIGN_STYLE = Automatic;
				CURRENT_PROJECT_VERSION = 1;
				DEVELOPMENT_TEAM = NFCS5T44FS;
				GENERATE_INFOPLIST_FILE = YES;
				INFOPLIST_FILE = Workspace/Info.plist;
				INFOPLIST_KEY_UIApplicationSupportsIndirectInputEvents = YES;
				INFOPLIST_KEY_UILaunchStoryboardName = LaunchScreen;
				INFOPLIST_KEY_UISupportedInterfaceOrientations = UIInterfaceOrientationPortrait;
				INFOPLIST_KEY_UISupportedInterfaceOrientations_iPad = "UIInterfaceOrientationLandscapeLeft UIInterfaceOrientationLandscapeRight UIInterfaceOrientationPortrait UIInterfaceOrientationPortraitUpsideDown";
				IPHONEOS_DEPLOYMENT_TARGET = 16.0;
				LD_RUNPATH_SEARCH_PATHS = (
					"$(inherited)",
					"@executable_path/Frameworks",
				);
				MARKETING_VERSION = 1.0;
				PRODUCT_BUNDLE_IDENTIFIER = com.hany.Workspace;
				PRODUCT_NAME = "$(TARGET_NAME)";
				SUPPORTED_PLATFORMS = "iphoneos iphonesimulator";
				SUPPORTS_MACCATALYST = NO;
				SUPPORTS_MAC_DESIGNED_FOR_IPHONE_IPAD = NO;
				SWIFT_EMIT_LOC_STRINGS = YES;
				SWIFT_VERSION = 5.0;
				TARGETED_DEVICE_FAMILY = 1;
			};
			name = Debug;
		};
		3FE649DD2B43CE5F005D1E4B /* Release */ = {
			isa = XCBuildConfiguration;
			buildSettings = {
				ASSETCATALOG_COMPILER_APPICON_NAME = AppIcon;
				ASSETCATALOG_COMPILER_GLOBAL_ACCENT_COLOR_NAME = AccentColor;
				CODE_SIGN_ENTITLEMENTS = Workspace/Workspace.entitlements;
				CODE_SIGN_STYLE = Automatic;
				CURRENT_PROJECT_VERSION = 1;
				DEVELOPMENT_TEAM = NFCS5T44FS;
				GENERATE_INFOPLIST_FILE = YES;
				INFOPLIST_FILE = Workspace/Info.plist;
				INFOPLIST_KEY_UIApplicationSupportsIndirectInputEvents = YES;
				INFOPLIST_KEY_UILaunchStoryboardName = LaunchScreen;
				INFOPLIST_KEY_UISupportedInterfaceOrientations = UIInterfaceOrientationPortrait;
				INFOPLIST_KEY_UISupportedInterfaceOrientations_iPad = "UIInterfaceOrientationLandscapeLeft UIInterfaceOrientationLandscapeRight UIInterfaceOrientationPortrait UIInterfaceOrientationPortraitUpsideDown";
				IPHONEOS_DEPLOYMENT_TARGET = 16.0;
				LD_RUNPATH_SEARCH_PATHS = (
					"$(inherited)",
					"@executable_path/Frameworks",
				);
				MARKETING_VERSION = 1.0;
				PRODUCT_BUNDLE_IDENTIFIER = com.hany.Workspace;
				PRODUCT_NAME = "$(TARGET_NAME)";
				SUPPORTED_PLATFORMS = "iphoneos iphonesimulator";
				SUPPORTS_MACCATALYST = NO;
				SUPPORTS_MAC_DESIGNED_FOR_IPHONE_IPAD = NO;
				SWIFT_EMIT_LOC_STRINGS = YES;
				SWIFT_VERSION = 5.0;
				TARGETED_DEVICE_FAMILY = 1;
			};
			name = Release;
		};
/* End XCBuildConfiguration section */

/* Begin XCConfigurationList section */
		3FE649C22B43CE5D005D1E4B /* Build configuration list for PBXProject "Workspace" */ = {
			isa = XCConfigurationList;
			buildConfigurations = (
				3FE649D92B43CE5F005D1E4B /* Debug */,
				3FE649DA2B43CE5F005D1E4B /* Release */,
			);
			defaultConfigurationIsVisible = 0;
			defaultConfigurationName = Release;
		};
		3FE649DB2B43CE5F005D1E4B /* Build configuration list for PBXNativeTarget "Workspace" */ = {
			isa = XCConfigurationList;
			buildConfigurations = (
				3FE649DC2B43CE5F005D1E4B /* Debug */,
				3FE649DD2B43CE5F005D1E4B /* Release */,
			);
			defaultConfigurationIsVisible = 0;
			defaultConfigurationName = Release;
		};
/* End XCConfigurationList section */

/* Begin XCRemoteSwiftPackageReference section */
		3F72435F2B5515C300781219 /* XCRemoteSwiftPackageReference "SnapKit" */ = {
			isa = XCRemoteSwiftPackageReference;
			repositoryURL = "https://github.com/SnapKit/SnapKit";
			requirement = {
				kind = upToNextMajorVersion;
				minimumVersion = 5.7.0;
			};
		};
		3FE649EF2B43EBB3005D1E4B /* XCRemoteSwiftPackageReference "RxSwift" */ = {
			isa = XCRemoteSwiftPackageReference;
			repositoryURL = "https://github.com/ReactiveX/RxSwift";
			requirement = {
				kind = upToNextMajorVersion;
				minimumVersion = 6.6.0;
			};
		};
		3FE64A202B4A78E9005D1E4B /* XCRemoteSwiftPackageReference "ReactorKit" */ = {
			isa = XCRemoteSwiftPackageReference;
			repositoryURL = "https://github.com/ReactorKit/ReactorKit";
			requirement = {
				kind = upToNextMajorVersion;
				minimumVersion = 3.2.0;
			};
		};
		3FE64A402B4B9E10005D1E4B /* XCRemoteSwiftPackageReference "Moya" */ = {
			isa = XCRemoteSwiftPackageReference;
			repositoryURL = "https://github.com/Moya/Moya";
			requirement = {
				kind = upToNextMajorVersion;
				minimumVersion = 15.0.3;
			};
		};
/* End XCRemoteSwiftPackageReference section */

/* Begin XCSwiftPackageProductDependency section */
		3F7243602B5515C300781219 /* SnapKit */ = {
			isa = XCSwiftPackageProductDependency;
			package = 3F72435F2B5515C300781219 /* XCRemoteSwiftPackageReference "SnapKit" */;
			productName = SnapKit;
		};
		3FE649F02B43EBB3005D1E4B /* RxCocoa */ = {
			isa = XCSwiftPackageProductDependency;
			package = 3FE649EF2B43EBB3005D1E4B /* XCRemoteSwiftPackageReference "RxSwift" */;
			productName = RxCocoa;
		};
		3FE649F22B43EBB3005D1E4B /* RxSwift */ = {
			isa = XCSwiftPackageProductDependency;
			package = 3FE649EF2B43EBB3005D1E4B /* XCRemoteSwiftPackageReference "RxSwift" */;
			productName = RxSwift;
		};
		3FE64A212B4A78E9005D1E4B /* ReactorKit */ = {
			isa = XCSwiftPackageProductDependency;
			package = 3FE64A202B4A78E9005D1E4B /* XCRemoteSwiftPackageReference "ReactorKit" */;
			productName = ReactorKit;
		};
		3FE64A412B4B9E10005D1E4B /* RxMoya */ = {
			isa = XCSwiftPackageProductDependency;
			package = 3FE64A402B4B9E10005D1E4B /* XCRemoteSwiftPackageReference "Moya" */;
			productName = RxMoya;
		};
/* End XCSwiftPackageProductDependency section */
	};
	rootObject = 3FE649BF2B43CE5D005D1E4B /* Project object */;
}
